hash: dbfc15942294a55f0adfd0db0aecdceff543969760b44ac349f3bea75c221f2c
updated: 2017-06-06T10:59:28.201104696-07:00
imports:
- name: github.com/digitalocean/godo
  version: 4fa9e9d999007b447089056a1c581b5594f0f851
  subpackages:
  - context
- name: github.com/golang/protobuf
  version: 2bba0603135d7d7f5cb73b2125beeda19c09f4ef
  subpackages:
  - proto
- name: github.com/google/go-querystring
  version: 53e6ce116135b80d037921a7fdd5138cf32d7a8a
  subpackages:
  - query
- name: github.com/tent/http-link-go
  version: ac974c61c2f990f4115b119354b5e0b47550e888
- name: golang.org/x/crypto
  version: c2303dcbe84172e0c0da4c9f083eeca54c06f298
  subpackages:
  - curve25519
  - ed25519
  - ed25519/internal/edwards25519
  - ssh
- name: golang.org/x/net
  version: ffcf1bedda3b04ebb15a168a59800a73d6dc0f4d
  subpackages:
  - context
  - context/ctxhttp
- name: golang.org/x/oauth2
  version: 7fdf09982454086d5570c7db3e11f360194830ca
  subpackages:
  - internal
- name: google.golang.org/appengine
  version: 56d253d1dd14aa01937e12c73a0971bcfd797ff2
  subpackages:
  - internal
  - internal/base
  - internal/datastore
  - internal/log
  - internal/remote_api
  - internal/urlfetch
  - urlfetch
testImports: []
